github.com/ant0ine/go-json-rest v1.0.1 h1:gdCuGNDkN6MKGnb4+i7NA9sLT1K2oa7WYHzg1SRF6AM=
github.com/ant0ine/go-json-rest v3.3.2+incompatible h1:nBixrkLFiDNAW0hauKDLc8yJI6XfrQumWvytE1Hk14E=
github.com/ant0ine/go-json-rest v3.3.2+incompatible/go.mod h1:q6aCt0GfU6LhpBsnZ/2U+mwe+0XB5WStbmwyoPfc+sk=
github.com/rakyll/statik v0.1.7 h1:OF3QCZUuyPxuGEP7B4ypUa7sB/iHtqOTDYZXGM8KOdQ=
github.com/rakyll/statik v0.1.7/go.mod h1:AlZONWzMtEnMs7W4e/1LURLiI49pIMmp6V9Unghqrcc=
